
Microsoft Visual Studio Solution File, Format Version 12.00
# Visual Studio Version 17
VisualStudioVersion = 17.4.33205.214
MinimumVisualStudioVersion = 10.0.40219.1
Project("{9A19103F-16F7-4668-BE54-9A1E7A4F7556}") = "SecretImageEncoder", "SecretImageEncoder\SecretImageEncoder.csproj", "{BB938986-96C8-4A92-91F9-FC4D6782DC69}"
EndProject
Project("{FAE04EC0-301F-11D3-BF4B-00C04F79EFBC}") = "SecretImageDecoder", "SecretImageDecoder\SecretImageDecoder.csproj", "{32D1643A-C1C1-41CA-89C2-B66C07D0F6C7}"
EndProject
Global
	GlobalSection(SolutionConfigurationPlatforms) = preSolution
		Debug|Any CPU = Debug|Any CPU
		Release|Any CPU = Release|Any CPU
	EndGlobalSection
	GlobalSection(ProjectConfigurationPlatforms) = postSolution
		{BB938986-96C8-4A92-91F9-FC4D6782DC69}.Debug|Any CPU.ActiveCfg = Debug|Any CPU
		{BB938986-96C8-4A92-91F9-FC4D6782DC69}.Debug|Any CPU.Build.0 = Debug|Any CPU
		{BB938986-96C8-4A92-91F9-FC4D6782DC69}.Release|Any CPU.ActiveCfg = Release|Any CPU
		{BB938986-96C8-4A92-91F9-FC4D6782DC69}.Release|Any CPU.Build.0 = Release|Any CPU
		{32D1643A-C1C1-41CA-89C2-B66C07D0F6C7}.Debug|Any CPU.ActiveCfg = Debug|Any CPU
		{32D1643A-C1C1-41CA-89C2-B66C07D0F6C7}.Debug|Any CPU.Build.0 = Debug|Any CPU
		{32D1643A-C1C1-41CA-89C2-B66C07D0F6C7}.Release|Any CPU.ActiveCfg = Release|Any CPU
		{32D1643A-C1C1-41CA-89C2-B66C07D0F6C7}.Release|Any CPU.Build.0 = Release|Any CPU
	EndGlobalSection
	GlobalSection(SolutionProperties) = preSolution
		HideSolutionNode = FALSE
	EndGlobalSection
	GlobalSection(ExtensibilityGlobals) = postSolution
		SolutionGuid = {9739BFD7-640B-48BE-BEC3-4B438015CAF6}
	EndGlobalSection
EndGlobal
